
Microsoft Visual Studio Solution File, Format Version 12.00
# Visual Studio Version 16
VisualStudioVersion = 16.0.31105.61
MinimumVisualStudioVersion = 10.0.40219.1
Project("{FAE04EC0-301F-11D3-BF4B-00C04F79EFBC}") = "ExampleJaggedArrays", "ExampleJaggedArrays.csproj", "{46236196-D1F7-436F-AAE3-8FB40B321A31}"
EndProject
Global
	GlobalSection(SolutionConfigurationPlatforms) = preSolution
		Debug|Any CPU = Debug|Any CPU
		Release|Any CPU = Release|Any CPU
	EndGlobalSection
	GlobalSection(ProjectConfigurationPlatforms) = postSolution
		{46236196-D1F7-436F-AAE3-8FB40B321A31}.Debug|Any CPU.ActiveCfg = Debug|Any CPU
		{46236196-D1F7-436F-AAE3-8FB40B321A31}.Debug|Any CPU.Build.0 = Debug|Any CPU
		{46236196-D1F7-436F-AAE3-8FB40B321A31}.Release|Any CPU.ActiveCfg = Release|Any CPU
		{46236196-D1F7-436F-AAE3-8FB40B321A31}.Release|Any CPU.Build.0 = Release|Any CPU
	EndGlobalSection
	GlobalSection(SolutionProperties) = preSolution
		HideSolutionNode = FALSE
	EndGlobalSection
	GlobalSection(ExtensibilityGlobals) = postSolution
		SolutionGuid = {F02765D5-B492-4AB9-80B6-16121C766AE5}
	EndGlobalSection
EndGlobal
