
Microsoft Visual Studio Solution File, Format Version 12.00
# Visual Studio Version 16
VisualStudioVersion = 16.0.31205.134
MinimumVisualStudioVersion = 10.0.40219.1
Project("{FAE04EC0-301F-11D3-BF4B-00C04F79EFBC}") = "Prey predator", "Prey predator.csproj", "{1C83F8BB-4CD7-4F67-BA6E-18F55634081C}"
EndProject
Global
	GlobalSection(SolutionConfigurationPlatforms) = preSolution
		Debug|Any CPU = Debug|Any CPU
		Release|Any CPU = Release|Any CPU
	EndGlobalSection
	GlobalSection(ProjectConfigurationPlatforms) = postSolution
		{1C83F8BB-4CD7-4F67-BA6E-18F55634081C}.Debug|Any CPU.ActiveCfg = Debug|Any CPU
		{1C83F8BB-4CD7-4F67-BA6E-18F55634081C}.Debug|Any CPU.Build.0 = Debug|Any CPU
		{1C83F8BB-4CD7-4F67-BA6E-18F55634081C}.Release|Any CPU.ActiveCfg = Release|Any CPU
		{1C83F8BB-4CD7-4F67-BA6E-18F55634081C}.Release|Any CPU.Build.0 = Release|Any CPU
	EndGlobalSection
	GlobalSection(SolutionProperties) = preSolution
		HideSolutionNode = FALSE
	EndGlobalSection
	GlobalSection(ExtensibilityGlobals) = postSolution
		SolutionGuid = {7F6516F5-E3B9-4927-A164-B752D8C14949}
	EndGlobalSection
EndGlobal
