
Microsoft Visual Studio Solution File, Format Version 12.00
# Visual Studio Version 16
VisualStudioVersion = 16.0.31105.61
MinimumVisualStudioVersion = 10.0.40219.1
Project("{FAE04EC0-301F-11D3-BF4B-00C04F79EFBC}") = "Example1Polymorfisme", "Example1Polymorfisme.csproj", "{867CA303-8F84-433A-B548-CEAC4AD637C3}"
EndProject
Global
	GlobalSection(SolutionConfigurationPlatforms) = preSolution
		Debug|Any CPU = Debug|Any CPU
		Release|Any CPU = Release|Any CPU
	EndGlobalSection
	GlobalSection(ProjectConfigurationPlatforms) = postSolution
		{867CA303-8F84-433A-B548-CEAC4AD637C3}.Debug|Any CPU.ActiveCfg = Debug|Any CPU
		{867CA303-8F84-433A-B548-CEAC4AD637C3}.Debug|Any CPU.Build.0 = Debug|Any CPU
		{867CA303-8F84-433A-B548-CEAC4AD637C3}.Release|Any CPU.ActiveCfg = Release|Any CPU
		{867CA303-8F84-433A-B548-CEAC4AD637C3}.Release|Any CPU.Build.0 = Release|Any CPU
	EndGlobalSection
	GlobalSection(SolutionProperties) = preSolution
		HideSolutionNode = FALSE
	EndGlobalSection
	GlobalSection(ExtensibilityGlobals) = postSolution
		SolutionGuid = {906C143F-0611-4F05-834F-7B6D5003B180}
	EndGlobalSection
EndGlobal
