
Microsoft Visual Studio Solution File, Format Version 12.00
# Visual Studio Version 16
VisualStudioVersion = 16.0.31205.134
MinimumVisualStudioVersion = 10.0.40219.1
Project("{FAE04EC0-301F-11D3-BF4B-00C04F79EFBC}") = "Prey Predator", "Prey Predator\Prey Predator.csproj", "{38CBE3D0-49A7-45C0-9178-A3DA6964DB44}"
EndProject
Global
	GlobalSection(SolutionConfigurationPlatforms) = preSolution
		Debug|Any CPU = Debug|Any CPU
		Release|Any CPU = Release|Any CPU
	EndGlobalSection
	GlobalSection(ProjectConfigurationPlatforms) = postSolution
		{38CBE3D0-49A7-45C0-9178-A3DA6964DB44}.Debug|Any CPU.ActiveCfg = Debug|Any CPU
		{38CBE3D0-49A7-45C0-9178-A3DA6964DB44}.Debug|Any CPU.Build.0 = Debug|Any CPU
		{38CBE3D0-49A7-45C0-9178-A3DA6964DB44}.Release|Any CPU.ActiveCfg = Release|Any CPU
		{38CBE3D0-49A7-45C0-9178-A3DA6964DB44}.Release|Any CPU.Build.0 = Release|Any CPU
	EndGlobalSection
	GlobalSection(SolutionProperties) = preSolution
		HideSolutionNode = FALSE
	EndGlobalSection
	GlobalSection(ExtensibilityGlobals) = postSolution
		SolutionGuid = {723D3B2E-BF34-44E3-9613-B1B63478C90F}
	EndGlobalSection
EndGlobal
