
Microsoft Visual Studio Solution File, Format Version 12.00
# Visual Studio Version 16
VisualStudioVersion = 16.0.31205.134
MinimumVisualStudioVersion = 10.0.40219.1
Project("{FAE04EC0-301F-11D3-BF4B-00C04F79EFBC}") = "Opgave 13.1", "Opgave 13.8\Opgave 13.1.csproj", "{DBFED287-4846-4713-ACF8-45C675FA1E88}"
EndProject
Global
	GlobalSection(SolutionConfigurationPlatforms) = preSolution
		Debug|Any CPU = Debug|Any CPU
		Release|Any CPU = Release|Any CPU
	EndGlobalSection
	GlobalSection(ProjectConfigurationPlatforms) = postSolution
		{DBFED287-4846-4713-ACF8-45C675FA1E88}.Debug|Any CPU.ActiveCfg = Debug|Any CPU
		{DBFED287-4846-4713-ACF8-45C675FA1E88}.Debug|Any CPU.Build.0 = Debug|Any CPU
		{DBFED287-4846-4713-ACF8-45C675FA1E88}.Release|Any CPU.ActiveCfg = Release|Any CPU
		{DBFED287-4846-4713-ACF8-45C675FA1E88}.Release|Any CPU.Build.0 = Release|Any CPU
	EndGlobalSection
	GlobalSection(SolutionProperties) = preSolution
		HideSolutionNode = FALSE
	EndGlobalSection
	GlobalSection(ExtensibilityGlobals) = postSolution
		SolutionGuid = {48C6F23D-7B30-4877-B1D4-C963FC0E6CE0}
	EndGlobalSection
EndGlobal
