
Microsoft Visual Studio Solution File, Format Version 12.00
# Visual Studio Version 16
VisualStudioVersion = 16.0.31205.134
MinimumVisualStudioVersion = 10.0.40219.1
Project("{FAE04EC0-301F-11D3-BF4B-00C04F79EFBC}") = "Opgave 13.8", "Opgave 13.8\Opgave 13.8.csproj", "{B4DD6E4D-76D8-4B7E-B756-89B608556131}"
EndProject
Global
	GlobalSection(SolutionConfigurationPlatforms) = preSolution
		Debug|Any CPU = Debug|Any CPU
		Release|Any CPU = Release|Any CPU
	EndGlobalSection
	GlobalSection(ProjectConfigurationPlatforms) = postSolution
		{B4DD6E4D-76D8-4B7E-B756-89B608556131}.Debug|Any CPU.ActiveCfg = Debug|Any CPU
		{B4DD6E4D-76D8-4B7E-B756-89B608556131}.Debug|Any CPU.Build.0 = Debug|Any CPU
		{B4DD6E4D-76D8-4B7E-B756-89B608556131}.Release|Any CPU.ActiveCfg = Release|Any CPU
		{B4DD6E4D-76D8-4B7E-B756-89B608556131}.Release|Any CPU.Build.0 = Release|Any CPU
	EndGlobalSection
	GlobalSection(SolutionProperties) = preSolution
		HideSolutionNode = FALSE
	EndGlobalSection
	GlobalSection(ExtensibilityGlobals) = postSolution
		SolutionGuid = {504DD1E4-0889-4900-AC3D-BCF56540D961}
	EndGlobalSection
EndGlobal
